// !$*UTF8*$!
{
	archiveVersion = 1;
	classes = {
	};
	objectVersion = 50;
	objects = {

/* Begin PBXBuildFile section */
		4C068C472599777000811496 /* main.swift in Sources */ = {isa = PBXBuildFile; fileRef = 4C068C462599777000811496 /* main.swift */; };
		4C068C552599778400811496 /* XcodeShortcutsTests.swift in Sources */ = {isa = PBXBuildFile; fileRef = 4C068C542599778400811496 /* XcodeShortcutsTests.swift */; };
		4CD54F6725A012AF002E974C /* Shortcut.swift in Sources */ = {isa = PBXBuildFile; fileRef = 4CD54F6625A012AF002E974C /* Shortcut.swift */; };
		4CD54F6D25A012CD002E974C /* ShortcutPrinter.swift in Sources */ = {isa = PBXBuildFile; fileRef = 4CD54F6C25A012CD002E974C /* ShortcutPrinter.swift */; };
		4CD54F7125A01507002E974C /* SessionPrinter.swift in Sources */ = {isa = PBXBuildFile; fileRef = 4CD54F7025A01507002E974C /* SessionPrinter.swift */; };
		4CD54F7525A015A6002E974C /* ShortcutManager.swift in Sources */ = {isa = PBXBuildFile; fileRef = 4CD54F7425A015A6002E974C /* ShortcutManager.swift */; };
		4CD54F7D25A01820002E974C /* Session.swift in Sources */ = {isa = PBXBuildFile; fileRef = 4CD54F7C25A01820002E974C /* Session.swift */; };
/* End PBXBuildFile section */

/* Begin PBXCopyFilesBuildPhase section */
		4C068C412599777000811496 /* CopyFiles */ = {
			isa = PBXCopyFilesBuildPhase;
			buildActionMask = 2147483647;
			dstPath = /usr/share/man/man1/;
			dstSubfolderSpec = 0;
			files = (
			);
			runOnlyForDeploymentPostprocessing = 1;
		};
/* End PBXCopyFilesBuildPhase section */

/* Begin PBXFileReference section */
		4C068C432599777000811496 /* XcodeShortcuts */ = {isa = PBXFileReference; explicitFileType = "compiled.mach-o.executable"; includeInIndex = 0; path = XcodeShortcuts; sourceTree = BUILT_PRODUCTS_DIR; };
		4C068C462599777000811496 /* main.swift */ = {isa = PBXFileReference; lastKnownFileType = sourcecode.swift; path = main.swift; sourceTree = "<group>"; };
		4C068C522599778400811496 /* XcodeShortcutsTests.xctest */ = {isa = PBXFileReference; explicitFileType = wrapper.cfbundle; includeInIndex = 0; path = XcodeShortcutsTests.xctest; sourceTree = BUILT_PRODUCTS_DIR; };
		4C068C542599778400811496 /* XcodeShortcutsTests.swift */ = {isa = PBXFileReference; lastKnownFileType = sourcecode.swift; path = XcodeShortcutsTests.swift; sourceTree = "<group>"; };
		4C068C562599778400811496 /* Info.plist */ = {isa = PBXFileReference; lastKnownFileType = text.plist.xml; path = Info.plist; sourceTree = "<group>"; };
		4CD54F6625A012AF002E974C /* Shortcut.swift */ = {isa = PBXFileReference; lastKnownFileType = sourcecode.swift; path = Shortcut.swift; sourceTree = "<group>"; };
		4CD54F6C25A012CD002E974C /* ShortcutPrinter.swift */ = {isa = PBXFileReference; lastKnownFileType = sourcecode.swift; path = ShortcutPrinter.swift; sourceTree = "<group>"; };
		4CD54F7025A01507002E974C /* SessionPrinter.swift */ = {isa = PBXFileReference; lastKnownFileType = sourcecode.swift; path = SessionPrinter.swift; sourceTree = "<group>"; };
		4CD54F7425A015A6002E974C /* ShortcutManager.swift */ = {isa = PBXFileReference; lastKnownFileType = sourcecode.swift; path = ShortcutManager.swift; sourceTree = "<group>"; };
		4CD54F7C25A01820002E974C /* Session.swift */ = {isa = PBXFileReference; lastKnownFileType = sourcecode.swift; path = Session.swift; sourceTree = "<group>"; };
/* End PBXFileReference section */

/* Begin PBXFrameworksBuildPhase section */
		4C068C402599777000811496 /* Frameworks */ = {
			isa = PBXFrameworksBuildPhase;
			buildActionMask = 2147483647;
			files = (
			);
			runOnlyForDeploymentPostprocessing = 0;
		};
		4C068C4F2599778400811496 /* Frameworks */ = {
			isa = PBXFrameworksBuildPhase;
			buildActionMask = 2147483647;
			files = (
			);
			runOnlyForDeploymentPostprocessing = 0;
		};
/* End PBXFrameworksBuildPhase section */

/* Begin PBXGroup section */
		4C068C3A2599777000811496 = {
			isa = PBXGroup;
			children = (
				4C068C452599777000811496 /* XcodeShortcuts */,
				4C068C532599778400811496 /* XcodeShortcutsTests */,
				4C068C442599777000811496 /* Products */,
			);
			sourceTree = "<group>";
		};
		4C068C442599777000811496 /* Products */ = {
			isa = PBXGroup;
			children = (
				4C068C432599777000811496 /* XcodeShortcuts */,
				4C068C522599778400811496 /* XcodeShortcutsTests.xctest */,
			);
			name = Products;
			sourceTree = "<group>";
		};
		4C068C452599777000811496 /* XcodeShortcuts */ = {
			isa = PBXGroup;
			children = (
				4C068C462599777000811496 /* main.swift */,
				4CD54F6625A012AF002E974C /* Shortcut.swift */,
				4CD54F7425A015A6002E974C /* ShortcutManager.swift */,
				4CD54F6C25A012CD002E974C /* ShortcutPrinter.swift */,
				4CD54F7C25A01820002E974C /* Session.swift */,
				4CD54F7025A01507002E974C /* SessionPrinter.swift */,
			);
			path = XcodeShortcuts;
			sourceTree = "<group>";
		};
		4C068C532599778400811496 /* XcodeShortcutsTests */ = {
			isa = PBXGroup;
			children = (
				4C068C542599778400811496 /* XcodeShortcutsTests.swift */,
				4C068C562599778400811496 /* Info.plist */,
			);
			path = XcodeShortcutsTests;
			sourceTree = "<group>";
		};
/* End PBXGroup section */

/* Begin PBXNativeTarget section */
		4C068C422599777000811496 /* XcodeShortcuts */ = {
			isa = PBXNativeTarget;
			buildConfigurationList = 4C068C4A2599777000811496 /* Build configuration list for PBXNativeTarget "XcodeShortcuts" */;
			buildPhases = (
				4C068C3F2599777000811496 /* Sources */,
				4C068C402599777000811496 /* Frameworks */,
				4C068C412599777000811496 /* CopyFiles */,
			);
			buildRules = (
			);
			dependencies = (
			);
			name = XcodeShortcuts;
			productName = XcodeShortcuts;
			productReference = 4C068C432599777000811496 /* XcodeShortcuts */;
			productType = "com.apple.product-type.tool";
		};
		4C068C512599778400811496 /* XcodeShortcutsTests */ = {
			isa = PBXNativeTarget;
			buildConfigurationList = 4C068C572599778400811496 /* Build configuration list for PBXNativeTarget "XcodeShortcutsTests" */;
			buildPhases = (
				4C068C4E2599778400811496 /* Sources */,
				4C068C4F2599778400811496 /* Frameworks */,
				4C068C502599778400811496 /* Resources */,
			);
			buildRules = (
			);
			dependencies = (
			);
			name = XcodeShortcutsTests;
			productName = XcodeShortcutsTests;
			productReference = 4C068C522599778400811496 /* XcodeShortcutsTests.xctest */;
			productType = "com.apple.product-type.bundle.unit-test";
		};
/* End PBXNativeTarget section */

/* Begin PBXProject section */
		4C068C3B2599777000811496 /* Project object */ = {
			isa = PBXProject;
			attributes = {
				LastSwiftUpdateCheck = 1230;
				LastUpgradeCheck = 1230;
				TargetAttributes = {
					4C068C422599777000811496 = {
						CreatedOnToolsVersion = 12.3;
					};
					4C068C512599778400811496 = {
						CreatedOnToolsVersion = 12.3;
					};
				};
			};
			buildConfigurationList = 4C068C3E2599777000811496 /* Build configuration list for PBXProject "XcodeShortcuts" */;
			compatibilityVersion = "Xcode 9.3";
			developmentRegion = en;
			hasScannedForEncodings = 0;
			knownRegions = (
				en,
				Base,
			);
			mainGroup = 4C068C3A2599777000811496;
			productRefGroup = 4C068C442599777000811496 /* Products */;
			projectDirPath = "";
			projectRoot = "";
			targets = (
				4C068C422599777000811496 /* XcodeShortcuts */,
				4C068C512599778400811496 /* XcodeShortcutsTests */,
			);
		};
/* End PBXProject section */

/* Begin PBXResourcesBuildPhase section */
		4C068C502599778400811496 /* Resources */ = {
			isa = PBXResourcesBuildPhase;
			buildActionMask = 2147483647;
			files = (
			);
			runOnlyForDeploymentPostprocessing = 0;
		};
/* End PBXResourcesBuildPhase section */

/* Begin PBXSourcesBuildPhase section */
		4C068C3F2599777000811496 /* Sources */ = {
			isa = PBXSourcesBuildPhase;
			buildActionMask = 2147483647;
			files = (
				4C068C472599777000811496 /* main.swift in Sources */,
				4CD54F7125A01507002E974C /* SessionPrinter.swift in Sources */,
				4CD54F7D25A01820002E974C /* Session.swift in Sources */,
				4CD54F6725A012AF002E974C /* Shortcut.swift in Sources */,
				4CD54F6D25A012CD002E974C /* ShortcutPrinter.swift in Sources */,
				4CD54F7525A015A6002E974C /* ShortcutManager.swift in Sources */,
			);
			runOnlyForDeploymentPostprocessing = 0;
		};
		4C068C4E2599778400811496 /* Sources */ = {
			isa = PBXSourcesBuildPhase;
			buildActionMask = 2147483647;
			files = (
				4C068C552599778400811496 /* XcodeShortcutsTests.swift in Sources */,
			);
			runOnlyForDeploymentPostprocessing = 0;
		};
/* End PBXSourcesBuildPhase section */

/* Begin XCBuildConfiguration section */
		4C068C482599777000811496 /* Debug */ = {
			isa = XCBuildConfiguration;
			buildSettings = {
				ALWAYS_SEARCH_USER_PATHS = NO;
				CLANG_ANALYZER_NONNULL = YES;
				CLANG_ANALYZER_NUMBER_OBJECT_CONVERSION = YES_AGGRESSIVE;
				CLANG_CXX_LANGUAGE_STANDARD = "gnu++14";
				CLANG_CXX_LIBRARY = "libc++";
				CLANG_ENABLE_MODULES = YES;
				CLANG_ENABLE_OBJC_ARC = YES;
				CLANG_ENABLE_OBJC_WEAK = YES;
				CLANG_WARN_BLOCK_CAPTURE_AUTORELEASING = YES;
				CLANG_WARN_BOOL_CONVERSION = YES;
				CLANG_WARN_COMMA = YES;
				CLANG_WARN_CONSTANT_CONVERSION = YES;
				CLANG_WARN_DEPRECATED_OBJC_IMPLEMENTATIONS = YES;
				CLANG_WARN_DIRECT_OBJC_ISA_USAGE = YES_ERROR;
				CLANG_WARN_DOCUMENTATION_COMMENTS = YES;
				CLANG_WARN_EMPTY_BODY = YES;
				CLANG_WARN_ENUM_CONVERSION = YES;
				CLANG_WARN_INFINITE_RECURSION = YES;
				CLANG_WARN_INT_CONVERSION = YES;
				CLANG_WARN_NON_LITERAL_NULL_CONVERSION = YES;
				CLANG_WARN_OBJC_IMPLICIT_RETAIN_SELF = YES;
				CLANG_WARN_OBJC_LITERAL_CONVERSION = YES;
				CLANG_WARN_OBJC_ROOT_CLASS = YES_ERROR;
				CLANG_WARN_QUOTED_INCLUDE_IN_FRAMEWORK_HEADER = YES;
				CLANG_WARN_RANGE_LOOP_ANALYSIS = YES;
				CLANG_WARN_STRICT_PROTOTYPES = YES;
				CLANG_WARN_SUSPICIOUS_MOVE = YES;
				CLANG_WARN_UNGUARDED_AVAILABILITY = YES_AGGRESSIVE;
				CLANG_WARN_UNREACHABLE_CODE = YES;
				CLANG_WARN__DUPLICATE_METHOD_MATCH = YES;
				COPY_PHASE_STRIP = NO;
				DEBUG_INFORMATION_FORMAT = dwarf;
				ENABLE_STRICT_OBJC_MSGSEND = YES;
				ENABLE_TESTABILITY = YES;
				GCC_C_LANGUAGE_STANDARD = gnu11;
				GCC_DYNAMIC_NO_PIC = NO;
				GCC_NO_COMMON_BLOCKS = YES;
				GCC_OPTIMIZATION_LEVEL = 0;
				GCC_PREPROCESSOR_DEFINITIONS = (
					"DEBUG=1",
					"$(inherited)",
				);
				GCC_WARN_64_TO_32_BIT_CONVERSION = YES;
				GCC_WARN_ABOUT_RETURN_TYPE = YES_ERROR;
				GCC_WARN_UNDECLARED_SELECTOR = YES;
				GCC_WARN_UNINITIALIZED_AUTOS = YES_AGGRESSIVE;
				GCC_WARN_UNUSED_FUNCTION = YES;
				GCC_WARN_UNUSED_VARIABLE = YES;
				MACOSX_DEPLOYMENT_TARGET = 11.0;
				MTL_ENABLE_DEBUG_INFO = INCLUDE_SOURCE;
				MTL_FAST_MATH = YES;
				ONLY_ACTIVE_ARCH = YES;
				SDKROOT = macosx;
				SWIFT_ACTIVE_COMPILATION_CONDITIONS = DEBUG;
				SWIFT_OPTIMIZATION_LEVEL = "-Onone";
			};
			name = Debug;
		};
		4C068C492599777000811496 /* Release */ = {
			isa = XCBuildConfiguration;
			buildSettings = {
				ALWAYS_SEARCH_USER_PATHS = NO;
				CLANG_ANALYZER_NONNULL = YES;
				CLANG_ANALYZER_NUMBER_OBJECT_CONVERSION = YES_AGGRESSIVE;
				CLANG_CXX_LANGUAGE_STANDARD = "gnu++14";
				CLANG_CXX_LIBRARY = "libc++";
				CLANG_ENABLE_MODULES = YES;
				CLANG_ENABLE_OBJC_ARC = YES;
				CLANG_ENABLE_OBJC_WEAK = YES;
				CLANG_WARN_BLOCK_CAPTURE_AUTORELEASING = YES;
				CLANG_WARN_BOOL_CONVERSION = YES;
				CLANG_WARN_COMMA = YES;
				CLANG_WARN_CONSTANT_CONVERSION = YES;
				CLANG_WARN_DEPRECATED_OBJC_IMPLEMENTATIONS = YES;
				CLANG_WARN_DIRECT_OBJC_ISA_USAGE = YES_ERROR;
				CLANG_WARN_DOCUMENTATION_COMMENTS = YES;
				CLANG_WARN_EMPTY_BODY = YES;
				CLANG_WARN_ENUM_CONVERSION = YES;
				CLANG_WARN_INFINITE_RECURSION = YES;
				CLANG_WARN_INT_CONVERSION = YES;
				CLANG_WARN_NON_LITERAL_NULL_CONVERSION = YES;
				CLANG_WARN_OBJC_IMPLICIT_RETAIN_SELF = YES;
				CLANG_WARN_OBJC_LITERAL_CONVERSION = YES;
				CLANG_WARN_OBJC_ROOT_CLASS = YES_ERROR;
				CLANG_WARN_QUOTED_INCLUDE_IN_FRAMEWORK_HEADER = YES;
				CLANG_WARN_RANGE_LOOP_ANALYSIS = YES;
				CLANG_WARN_STRICT_PROTOTYPES = YES;
				CLANG_WARN_SUSPICIOUS_MOVE = YES;
				CLANG_WARN_UNGUARDED_AVAILABILITY = YES_AGGRESSIVE;
				CLANG_WARN_UNREACHABLE_CODE = YES;
				CLANG_WARN__DUPLICATE_METHOD_MATCH = YES;
				COPY_PHASE_STRIP = NO;
				DEBUG_INFORMATION_FORMAT = "dwarf-with-dsym";
				ENABLE_NS_ASSERTIONS = NO;
				ENABLE_STRICT_OBJC_MSGSEND = YES;
				GCC_C_LANGUAGE_STANDARD = gnu11;
				GCC_NO_COMMON_BLOCKS = YES;
				GCC_WARN_64_TO_32_BIT_CONVERSION = YES;
				GCC_WARN_ABOUT_RETURN_TYPE = YES_ERROR;
				GCC_WARN_UNDECLARED_SELECTOR = YES;
				GCC_WARN_UNINITIALIZED_AUTOS = YES_AGGRESSIVE;
				GCC_WARN_UNUSED_FUNCTION = YES;
				GCC_WARN_UNUSED_VARIABLE = YES;
				MACOSX_DEPLOYMENT_TARGET = 11.0;
				MTL_ENABLE_DEBUG_INFO = NO;
				MTL_FAST_MATH = YES;
				SDKROOT = macosx;
				SWIFT_COMPILATION_MODE = wholemodule;
				SWIFT_OPTIMIZATION_LEVEL = "-O";
			};
			name = Release;
		};
		4C068C4B2599777000811496 /* Debug */ = {
			isa = XCBuildConfiguration;
			buildSettings = {
				CODE_SIGN_STYLE = Automatic;
				DEVELOPMENT_TEAM = CY96495443;
				ENABLE_HARDENED_RUNTIME = YES;
				PRODUCT_NAME = "$(TARGET_NAME)";
				SWIFT_VERSION = 5.0;
			};
			name = Debug;
		};
		4C068C4C2599777000811496 /* Release */ = {
			isa = XCBuildConfiguration;
			buildSettings = {
				CODE_SIGN_STYLE = Automatic;
				DEVELOPMENT_TEAM = CY96495443;
				ENABLE_HARDENED_RUNTIME = YES;
				PRODUCT_NAME = "$(TARGET_NAME)";
				SWIFT_VERSION = 5.0;
			};
			name = Release;
		};
		4C068C582599778400811496 /* Debug */ = {
			isa = XCBuildConfiguration;
			buildSettings = {
				CODE_SIGN_STYLE = Automatic;
				COMBINE_HIDPI_IMAGES = YES;
				DEVELOPMENT_TEAM = CY96495443;
				INFOPLIST_FILE = XcodeShortcutsTests/Info.plist;
				LD_RUNPATH_SEARCH_PATHS = (
					"$(inherited)",
					"@executable_path/../Frameworks",
					"@loader_path/../Frameworks",
				);
				PRODUCT_BUNDLE_IDENTIFIER = ca.charland.XcodeShortcutsTests;
				PRODUCT_NAME = "$(TARGET_NAME)";
				SWIFT_VERSION = 5.0;
			};
			name = Debug;
		};
		4C068C592599778400811496 /* Release */ = {
			isa = XCBuildConfiguration;
			buildSettings = {
				CODE_SIGN_STYLE = Automatic;
				COMBINE_HIDPI_IMAGES = YES;
				DEVELOPMENT_TEAM = CY96495443;
				INFOPLIST_FILE = XcodeShortcutsTests/Info.plist;
				LD_RUNPATH_SEARCH_PATHS = (
					"$(inherited)",
					"@executable_path/../Frameworks",
					"@loader_path/../Frameworks",
				);
				PRODUCT_BUNDLE_IDENTIFIER = ca.charland.XcodeShortcutsTests;
				PRODUCT_NAME = "$(TARGET_NAME)";
				SWIFT_VERSION = 5.0;
			};
			name = Release;
		};
/* End XCBuildConfiguration section */

/* Begin XCConfigurationList section */
		4C068C3E2599777000811496 /* Build configuration list for PBXProject "XcodeShortcuts" */ = {
			isa = XCConfigurationList;
			buildConfigurations = (
				4C068C482599777000811496 /* Debug */,
				4C068C492599777000811496 /* Release */,
			);
			defaultConfigurationIsVisible = 0;
			defaultConfigurationName = Release;
		};
		4C068C4A2599777000811496 /* Build configuration list for PBXNativeTarget "XcodeShortcuts" */ = {
			isa = XCConfigurationList;
			buildConfigurations = (
				4C068C4B2599777000811496 /* Debug */,
				4C068C4C2599777000811496 /* Release */,
			);
			defaultConfigurationIsVisible = 0;
			defaultConfigurationName = Release;
		};
		4C068C572599778400811496 /* Build configuration list for PBXNativeTarget "XcodeShortcutsTests" */ = {
			isa = XCConfigurationList;
			buildConfigurations = (
				4C068C582599778400811496 /* Debug */,
				4C068C592599778400811496 /* Release */,
			);
			defaultConfigurationIsVisible = 0;
			defaultConfigurationName = Release;
		};
/* End XCConfigurationList section */
	};
	rootObject = 4C068C3B2599777000811496 /* Project object */;
}
